// !$*UTF8*$!
{
	archiveVersion = 1;
	classes = {
	};
	objectVersion = 55;
	objects = {

/* Begin PBXBuildFile section */
		331B9D49287CADFB00EEB029 /* pngwing.com.png in Resources */ = {isa = PBXBuildFile; fileRef = 331B9D48287CADFB00EEB029 /* pngwing.com.png */; };
		331B9D4B287CAEBF00EEB029 /* csharp.png in Resources */ = {isa = PBXBuildFile; fileRef = 331B9D4A287CAEBF00EEB029 /* csharp.png */; };
		331B9D4D287CAF1700EEB029 /* swift.png in Resources */ = {isa = PBXBuildFile; fileRef = 331B9D4C287CAF1700EEB029 /* swift.png */; };
		331B9D4F287CB03F00EEB029 /* home.png in Resources */ = {isa = PBXBuildFile; fileRef = 331B9D4E287CB03F00EEB029 /* home.png */; };
		331B9D52287CCFD100EEB029 /* SaveViewController.swift in Sources */ = {isa = PBXBuildFile; fileRef = 331B9D50287CCFD100EEB029 /* SaveViewController.swift */; };
		331B9D53287CCFD100EEB029 /* SaveViewController.xib in Resources */ = {isa = PBXBuildFile; fileRef = 331B9D51287CCFD100EEB029 /* SaveViewController.xib */; };
		331B9D56287CD07800EEB029 /* PullrequestSaved.xcdatamodeld in Sources */ = {isa = PBXBuildFile; fileRef = 331B9D54287CD07700EEB029 /* PullrequestSaved.xcdatamodeld */; };
		331B9D5A287CD86B00EEB029 /* SaveTableViewCell.swift in Sources */ = {isa = PBXBuildFile; fileRef = 331B9D58287CD86B00EEB029 /* SaveTableViewCell.swift */; };
		331B9D5B287CD86B00EEB029 /* SaveTableViewCell.xib in Resources */ = {isa = PBXBuildFile; fileRef = 331B9D59287CD86B00EEB029 /* SaveTableViewCell.xib */; };
		331B9D5D287CD8FF00EEB029 /* SaveModel.swift in Sources */ = {isa = PBXBuildFile; fileRef = 331B9D5C287CD8FF00EEB029 /* SaveModel.swift */; };
		33231EE628652F360034D6D8 /* RepositoryService.swift in Sources */ = {isa = PBXBuildFile; fileRef = 33231EE528652F360034D6D8 /* RepositoryService.swift */; };
		33231EE928652FD30034D6D8 /* GitHead.swift in Sources */ = {isa = PBXBuildFile; fileRef = 33231EE828652FD30034D6D8 /* GitHead.swift */; };
		33231EEB286530370034D6D8 /* GitRepository.swift in Sources */ = {isa = PBXBuildFile; fileRef = 33231EEA286530370034D6D8 /* GitRepository.swift */; };
		33231EED286530770034D6D8 /* Owner.swift in Sources */ = {isa = PBXBuildFile; fileRef = 33231EEC286530770034D6D8 /* Owner.swift */; };
		33231EEF2865309D0034D6D8 /* Pullrequest.swift in Sources */ = {isa = PBXBuildFile; fileRef = 33231EEE2865309D0034D6D8 /* Pullrequest.swift */; };
		33231EF1286530B60034D6D8 /* User.swift in Sources */ = {isa = PBXBuildFile; fileRef = 33231EF0286530B60034D6D8 /* User.swift */; };
		33231EF4286531D60034D6D8 /* RepositoriesListModel.swift in Sources */ = {isa = PBXBuildFile; fileRef = 33231EF3286531D60034D6D8 /* RepositoriesListModel.swift */; };
		33231EF728653A260034D6D8 /* Kingfisher in Frameworks */ = {isa = PBXBuildFile; productRef = 33231EF628653A260034D6D8 /* Kingfisher */; };
		333A52DA287F591B00A795F8 /* save.png in Resources */ = {isa = PBXBuildFile; fileRef = 333A52D9287F591B00A795F8 /* save.png */; };
		333B3A332861453A000BF8D1 /* AppDelegate.swift in Sources */ = {isa = PBXBuildFile; fileRef = 333B3A322861453A000BF8D1 /* AppDelegate.swift */; };
		333B3A352861453A000BF8D1 /* SceneDelegate.swift in Sources */ = {isa = PBXBuildFile; fileRef = 333B3A342861453A000BF8D1 /* SceneDelegate.swift */; };
		333B3A3C2861453B000BF8D1 /* Assets.xcassets in Resources */ = {isa = PBXBuildFile; fileRef = 333B3A3B2861453B000BF8D1 /* Assets.xcassets */; };
		333B3A3F2861453B000BF8D1 /* LaunchScreen.storyboard in Resources */ = {isa = PBXBuildFile; fileRef = 333B3A3D2861453B000BF8D1 /* LaunchScreen.storyboard */; };
		333B3A4A286146EA000BF8D1 /* RepositoriesListViewController.swift in Sources */ = {isa = PBXBuildFile; fileRef = 333B3A48286146EA000BF8D1 /* RepositoriesListViewController.swift */; };
		333B3A4B286146EA000BF8D1 /* RepositoriesListViewController.xib in Resources */ = {isa = PBXBuildFile; fileRef = 333B3A49286146EA000BF8D1 /* RepositoriesListViewController.xib */; };
		333B3A4E28614CEC000BF8D1 /* RepositoriesListTableViewCell.swift in Sources */ = {isa = PBXBuildFile; fileRef = 333B3A4C28614CEC000BF8D1 /* RepositoriesListTableViewCell.swift */; };
		333B3A4F28614CEC000BF8D1 /* RepositoriesListTableViewCell.xib in Resources */ = {isa = PBXBuildFile; fileRef = 333B3A4D28614CEC000BF8D1 /* RepositoriesListTableViewCell.xib */; };
		333CD3BD286A926A00271368 /* PullrequestService.swift in Sources */ = {isa = PBXBuildFile; fileRef = 333CD3BC286A926900271368 /* PullrequestService.swift */; };
		333CD3BF286A95CF00271368 /* PullrequestListModel.swift in Sources */ = {isa = PBXBuildFile; fileRef = 333CD3BE286A95CF00271368 /* PullrequestListModel.swift */; };
		333CD3C2286A98F400271368 /* PullrequestListTableViewCell.swift in Sources */ = {isa = PBXBuildFile; fileRef = 333CD3C0286A98F400271368 /* PullrequestListTableViewCell.swift */; };
		333CD3C3286A98F400271368 /* PullrequestListTableViewCell.xib in Resources */ = {isa = PBXBuildFile; fileRef = 333CD3C1286A98F400271368 /* PullrequestListTableViewCell.xib */; };
		333ECDCD2877D18E0080AFE8 /* Python.svg.png in Resources */ = {isa = PBXBuildFile; fileRef = 333ECDCC2877D18E0080AFE8 /* Python.svg.png */; };
		333FF57C28C6C111006CCBF3 /* SideMenu in Frameworks */ = {isa = PBXBuildFile; productRef = 333FF57B28C6C111006CCBF3 /* SideMenu */; };
		3340669D28D00A53001D05DF /* Coordinator.swift in Sources */ = {isa = PBXBuildFile; fileRef = 3340669C28D00A53001D05DF /* Coordinator.swift */; };
		334066A028D00BA6001D05DF /* AppCoordinator.swift in Sources */ = {isa = PBXBuildFile; fileRef = 3340669F28D00BA6001D05DF /* AppCoordinator.swift */; };
		334066A228D01356001D05DF /* ContainerCoordinator.swift in Sources */ = {isa = PBXBuildFile; fileRef = 334066A128D01356001D05DF /* ContainerCoordinator.swift */; };
		33419E4B28751B8F009AACE1 /* MenuViewController.swift in Sources */ = {isa = PBXBuildFile; fileRef = 33419E4928751B8F009AACE1 /* MenuViewController.swift */; };
		33419E4C28751B8F009AACE1 /* MenuViewController.xib in Resources */ = {isa = PBXBuildFile; fileRef = 33419E4A28751B8F009AACE1 /* MenuViewController.xib */; };
		334434112873A97100B0F3B6 /* PullrequestListViewController.swift in Sources */ = {isa = PBXBuildFile; fileRef = 3344340F2873A97100B0F3B6 /* PullrequestListViewController.swift */; };
		334434122873A97100B0F3B6 /* PullrequestListViewController.xib in Resources */ = {isa = PBXBuildFile; fileRef = 334434102873A97100B0F3B6 /* PullrequestListViewController.xib */; };
		33A8855628E531EC00CB5137 /* SaveCoordinator.swift in Sources */ = {isa = PBXBuildFile; fileRef = 33A8855528E531EC00CB5137 /* SaveCoordinator.swift */; };
		33B2322C28CAB9A600AD0A0C /* HomeViewController.swift in Sources */ = {isa = PBXBuildFile; fileRef = 33B2322A28CAB9A600AD0A0C /* HomeViewController.swift */; };
		33B2322D28CAB9A600AD0A0C /* HomeViewController.xib in Resources */ = {isa = PBXBuildFile; fileRef = 33B2322B28CAB9A600AD0A0C /* HomeViewController.xib */; };
		33BEA90D28D2B2980096910B /* RepositoriesListCoordinator.swift in Sources */ = {isa = PBXBuildFile; fileRef = 33BEA90C28D2B2980096910B /* RepositoriesListCoordinator.swift */; };
		33C2419228DA9CA800108EC4 /* MenuCoordinator.swift in Sources */ = {isa = PBXBuildFile; fileRef = 33C2419128DA9CA800108EC4 /* MenuCoordinator.swift */; };
		33C3188228C801E8003C120F /* MenuModel.swift in Sources */ = {isa = PBXBuildFile; fileRef = 33C3188128C801E8003C120F /* MenuModel.swift */; };
		33C7681428D141E4008FDDC9 /* ContainerViewController.swift in Sources */ = {isa = PBXBuildFile; fileRef = 33C7681228D141E4008FDDC9 /* ContainerViewController.swift */; };
		33C7681528D141E4008FDDC9 /* ContainerViewController.xib in Resources */ = {isa = PBXBuildFile; fileRef = 33C7681328D141E4008FDDC9 /* ContainerViewController.xib */; };
/* End PBXBuildFile section */

/* Begin PBXFileReference section */
		331B9D48287CADFB00EEB029 /* pngwing.com.png */ = {isa = PBXFileReference; lastKnownFileType = image.png; path = pngwing.com.png; sourceTree = "<group>"; };
		331B9D4A287CAEBF00EEB029 /* csharp.png */ = {isa = PBXFileReference; lastKnownFileType = image.png; path = csharp.png; sourceTree = "<group>"; };
		331B9D4C287CAF1700EEB029 /* swift.png */ = {isa = PBXFileReference; lastKnownFileType = image.png; path = swift.png; sourceTree = "<group>"; };
		331B9D4E287CB03F00EEB029 /* home.png */ = {isa = PBXFileReference; lastKnownFileType = image.png; path = home.png; sourceTree = "<group>"; };
		331B9D50287CCFD100EEB029 /* SaveViewController.swift */ = {isa = PBXFileReference; lastKnownFileType = sourcecode.swift; path = SaveViewController.swift; sourceTree = "<group>"; };
		331B9D51287CCFD100EEB029 /* SaveViewController.xib */ = {isa = PBXFileReference; lastKnownFileType = file.xib; path = SaveViewController.xib; sourceTree = "<group>"; };
		331B9D55287CD07800EEB029 /* PullrequestSaved.xcdatamodel */ = {isa = PBXFileReference; lastKnownFileType = wrapper.xcdatamodel; path = PullrequestSaved.xcdatamodel; sourceTree = "<group>"; };
		331B9D58287CD86B00EEB029 /* SaveTableViewCell.swift */ = {isa = PBXFileReference; lastKnownFileType = sourcecode.swift; path = SaveTableViewCell.swift; sourceTree = "<group>"; };
		331B9D59287CD86B00EEB029 /* SaveTableViewCell.xib */ = {isa = PBXFileReference; lastKnownFileType = file.xib; path = SaveTableViewCell.xib; sourceTree = "<group>"; };
		331B9D5C287CD8FF00EEB029 /* SaveModel.swift */ = {isa = PBXFileReference; lastKnownFileType = sourcecode.swift; path = SaveModel.swift; sourceTree = "<group>"; };
		33231EE528652F360034D6D8 /* RepositoryService.swift */ = {isa = PBXFileReference; lastKnownFileType = sourcecode.swift; path = RepositoryService.swift; sourceTree = "<group>"; };
		33231EE828652FD30034D6D8 /* GitHead.swift */ = {isa = PBXFileReference; lastKnownFileType = sourcecode.swift; path = GitHead.swift; sourceTree = "<group>"; };
		33231EEA286530370034D6D8 /* GitRepository.swift */ = {isa = PBXFileReference; lastKnownFileType = sourcecode.swift; path = GitRepository.swift; sourceTree = "<group>"; };
		33231EEC286530770034D6D8 /* Owner.swift */ = {isa = PBXFileReference; lastKnownFileType = sourcecode.swift; path = Owner.swift; sourceTree = "<group>"; };
		33231EEE2865309D0034D6D8 /* Pullrequest.swift */ = {isa = PBXFileReference; lastKnownFileType = sourcecode.swift; path = Pullrequest.swift; sourceTree = "<group>"; };
		33231EF0286530B60034D6D8 /* User.swift */ = {isa = PBXFileReference; lastKnownFileType = sourcecode.swift; path = User.swift; sourceTree = "<group>"; };
		33231EF3286531D60034D6D8 /* RepositoriesListModel.swift */ = {isa = PBXFileReference; lastKnownFileType = sourcecode.swift; path = RepositoriesListModel.swift; sourceTree = "<group>"; };
		333A52D9287F591B00A795F8 /* save.png */ = {isa = PBXFileReference; lastKnownFileType = image.png; path = save.png; sourceTree = "<group>"; };
		333B3A2F2861453A000BF8D1 /* XIB_MVC_Mobile_challenger.app */ = {isa = PBXFileReference; explicitFileType = wrapper.application; includeInIndex = 0; path = XIB_MVC_Mobile_challenger.app; sourceTree = BUILT_PRODUCTS_DIR; };
		333B3A322861453A000BF8D1 /* AppDelegate.swift */ = {isa = PBXFileReference; lastKnownFileType = sourcecode.swift; path = AppDelegate.swift; sourceTree = "<group>"; };
		333B3A342861453A000BF8D1 /* SceneDelegate.swift */ = {isa = PBXFileReference; lastKnownFileType = sourcecode.swift; path = SceneDelegate.swift; sourceTree = "<group>"; };
		333B3A3B2861453B000BF8D1 /* Assets.xcassets */ = {isa = PBXFileReference; lastKnownFileType = folder.assetcatalog; path = Assets.xcassets; sourceTree = "<group>"; };
		333B3A3E2861453B000BF8D1 /* Base */ = {isa = PBXFileReference; lastKnownFileType = file.storyboard; name = Base; path = Base.lproj/LaunchScreen.storyboard; sourceTree = "<group>"; };
		333B3A402861453B000BF8D1 /* Info.plist */ = {isa = PBXFileReference; lastKnownFileType = text.plist.xml; path = Info.plist; sourceTree = "<group>"; };
		333B3A48286146EA000BF8D1 /* RepositoriesListViewController.swift */ = {isa = PBXFileReference; lastKnownFileType = sourcecode.swift; path = RepositoriesListViewController.swift; sourceTree = "<group>"; };
		333B3A49286146EA000BF8D1 /* RepositoriesListViewController.xib */ = {isa = PBXFileReference; lastKnownFileType = file.xib; path = RepositoriesListViewController.xib; sourceTree = "<group>"; };
		333B3A4C28614CEC000BF8D1 /* RepositoriesListTableViewCell.swift */ = {isa = PBXFileReference; lastKnownFileType = sourcecode.swift; path = RepositoriesListTableViewCell.swift; sourceTree = "<group>"; };
		333B3A4D28614CEC000BF8D1 /* RepositoriesListTableViewCell.xib */ = {isa = PBXFileReference; lastKnownFileType = file.xib; path = RepositoriesListTableViewCell.xib; sourceTree = "<group>"; };
		333CD3BC286A926900271368 /* PullrequestService.swift */ = {isa = PBXFileReference; lastKnownFileType = sourcecode.swift; path = PullrequestService.swift; sourceTree = "<group>"; };
		333CD3BE286A95CF00271368 /* PullrequestListModel.swift */ = {isa = PBXFileReference; lastKnownFileType = sourcecode.swift; path = PullrequestListModel.swift; sourceTree = "<group>"; };
		333CD3C0286A98F400271368 /* PullrequestListTableViewCell.swift */ = {isa = PBXFileReference; lastKnownFileType = sourcecode.swift; path = PullrequestListTableViewCell.swift; sourceTree = "<group>"; };
		333CD3C1286A98F400271368 /* PullrequestListTableViewCell.xib */ = {isa = PBXFileReference; lastKnownFileType = file.xib; path = PullrequestListTableViewCell.xib; sourceTree = "<group>"; };
		333ECDCC2877D18E0080AFE8 /* Python.svg.png */ = {isa = PBXFileReference; lastKnownFileType = image.png; path = Python.svg.png; sourceTree = "<group>"; };
		3340669C28D00A53001D05DF /* Coordinator.swift */ = {isa = PBXFileReference; lastKnownFileType = sourcecode.swift; path = Coordinator.swift; sourceTree = "<group>"; };
		3340669F28D00BA6001D05DF /* AppCoordinator.swift */ = {isa = PBXFileReference; lastKnownFileType = sourcecode.swift; path = AppCoordinator.swift; sourceTree = "<group>"; };
		334066A128D01356001D05DF /* ContainerCoordinator.swift */ = {isa = PBXFileReference; lastKnownFileType = sourcecode.swift; path = ContainerCoordinator.swift; sourceTree = "<group>"; };
		33419E4928751B8F009AACE1 /* MenuViewController.swift */ = {isa = PBXFileReference; lastKnownFileType = sourcecode.swift; path = MenuViewController.swift; sourceTree = "<group>"; };
		33419E4A28751B8F009AACE1 /* MenuViewController.xib */ = {isa = PBXFileReference; lastKnownFileType = file.xib; path = MenuViewController.xib; sourceTree = "<group>"; };
		3344340F2873A97100B0F3B6 /* PullrequestListViewController.swift */ = {isa = PBXFileReference; lastKnownFileType = sourcecode.swift; path = PullrequestListViewController.swift; sourceTree = "<group>"; };
		334434102873A97100B0F3B6 /* PullrequestListViewController.xib */ = {isa = PBXFileReference; lastKnownFileType = file.xib; path = PullrequestListViewController.xib; sourceTree = "<group>"; };
		33A8855528E531EC00CB5137 /* SaveCoordinator.swift */ = {isa = PBXFileReference; lastKnownFileType = sourcecode.swift; path = SaveCoordinator.swift; sourceTree = "<group>"; };
		33B2322A28CAB9A600AD0A0C /* HomeViewController.swift */ = {isa = PBXFileReference; lastKnownFileType = sourcecode.swift; path = HomeViewController.swift; sourceTree = "<group>"; };
		33B2322B28CAB9A600AD0A0C /* HomeViewController.xib */ = {isa = PBXFileReference; lastKnownFileType = file.xib; path = HomeViewController.xib; sourceTree = "<group>"; };
		33BEA90C28D2B2980096910B /* RepositoriesListCoordinator.swift */ = {isa = PBXFileReference; lastKnownFileType = sourcecode.swift; path = RepositoriesListCoordinator.swift; sourceTree = "<group>"; };
		33C2419128DA9CA800108EC4 /* MenuCoordinator.swift */ = {isa = PBXFileReference; lastKnownFileType = sourcecode.swift; path = MenuCoordinator.swift; sourceTree = "<group>"; };
		33C3188128C801E8003C120F /* MenuModel.swift */ = {isa = PBXFileReference; lastKnownFileType = sourcecode.swift; path = MenuModel.swift; sourceTree = "<group>"; };
		33C7681228D141E4008FDDC9 /* ContainerViewController.swift */ = {isa = PBXFileReference; lastKnownFileType = sourcecode.swift; path = ContainerViewController.swift; sourceTree = "<group>"; };
		33C7681328D141E4008FDDC9 /* ContainerViewController.xib */ = {isa = PBXFileReference; lastKnownFileType = file.xib; path = ContainerViewController.xib; sourceTree = "<group>"; };
/* End PBXFileReference section */

/* Begin PBXFrameworksBuildPhase section */
		333B3A2C2861453A000BF8D1 /* Frameworks */ = {
			isa = PBXFrameworksBuildPhase;
			buildActionMask = 2147483647;
			files = (
				333FF57C28C6C111006CCBF3 /* SideMenu in Frameworks */,
				33231EF728653A260034D6D8 /* Kingfisher in Frameworks */,
			);
			runOnlyForDeploymentPostprocessing = 0;
		};
/* End PBXFrameworksBuildPhase section */

/* Begin PBXGroup section */
		331B9D57287CD08D00EEB029 /* SavePulrequestScene */ = {
			isa = PBXGroup;
			children = (
				331B9D51287CCFD100EEB029 /* SaveViewController.xib */,
				331B9D50287CCFD100EEB029 /* SaveViewController.swift */,
				331B9D5C287CD8FF00EEB029 /* SaveModel.swift */,
				331B9D58287CD86B00EEB029 /* SaveTableViewCell.swift */,
				331B9D59287CD86B00EEB029 /* SaveTableViewCell.xib */,
				33A8855528E531EC00CB5137 /* SaveCoordinator.swift */,
			);
			path = SavePulrequestScene;
			sourceTree = "<group>";
		};
		33231EE428652E7E0034D6D8 /* RepositoriesScene */ = {
			isa = PBXGroup;
			children = (
				333B3A49286146EA000BF8D1 /* RepositoriesListViewController.xib */,
				333B3A48286146EA000BF8D1 /* RepositoriesListViewController.swift */,
				333B3A4D28614CEC000BF8D1 /* RepositoriesListTableViewCell.xib */,
				333B3A4C28614CEC000BF8D1 /* RepositoriesListTableViewCell.swift */,
				33231EF3286531D60034D6D8 /* RepositoriesListModel.swift */,
				33BEA90C28D2B2980096910B /* RepositoriesListCoordinator.swift */,
			);
			path = RepositoriesScene;
			sourceTree = "<group>";
		};
		33231EE728652F4D0034D6D8 /* Models */ = {
			isa = PBXGroup;
			children = (
				33231EF0286530B60034D6D8 /* User.swift */,
				33231EEE2865309D0034D6D8 /* Pullrequest.swift */,
				33231EEC286530770034D6D8 /* Owner.swift */,
				33231EEA286530370034D6D8 /* GitRepository.swift */,
				33231EE828652FD30034D6D8 /* GitHead.swift */,
			);
			path = Models;
			sourceTree = "<group>";
		};
		33231EF2286531250034D6D8 /* Service */ = {
			isa = PBXGroup;
			children = (
				33231EE528652F360034D6D8 /* RepositoryService.swift */,
				333CD3BC286A926900271368 /* PullrequestService.swift */,
			);
			path = Service;
			sourceTree = "<group>";
		};
		333B3A262861453A000BF8D1 = {
			isa = PBXGroup;
			children = (
				333B3A312861453A000BF8D1 /* XIB_MVC_Mobile_challenger */,
				333B3A302861453A000BF8D1 /* Products */,
			);
			sourceTree = "<group>";
		};
		333B3A302861453A000BF8D1 /* Products */ = {
			isa = PBXGroup;
			children = (
				333B3A2F2861453A000BF8D1 /* XIB_MVC_Mobile_challenger.app */,
			);
			name = Products;
			sourceTree = "<group>";
		};
		333B3A312861453A000BF8D1 /* XIB_MVC_Mobile_challenger */ = {
			isa = PBXGroup;
			children = (
				3340669E28D00A6B001D05DF /* Coordinator */,
				333CD3BB286A91C900271368 /* Scene */,
				33231EF2286531250034D6D8 /* Service */,
				33231EE728652F4D0034D6D8 /* Models */,
				333B3A322861453A000BF8D1 /* AppDelegate.swift */,
				333B3A342861453A000BF8D1 /* SceneDelegate.swift */,
				333B3A3B2861453B000BF8D1 /* Assets.xcassets */,
				333B3A3D2861453B000BF8D1 /* LaunchScreen.storyboard */,
				333B3A402861453B000BF8D1 /* Info.plist */,
				331B9D54287CD07700EEB029 /* PullrequestSaved.xcdatamodeld */,
			);
			path = XIB_MVC_Mobile_challenger;
			sourceTree = "<group>";
		};
		333CD3BA286A919300271368 /* PullrequestScene */ = {
			isa = PBXGroup;
			children = (
				3344340F2873A97100B0F3B6 /* PullrequestListViewController.swift */,
				334434102873A97100B0F3B6 /* PullrequestListViewController.xib */,
				333CD3C0286A98F400271368 /* PullrequestListTableViewCell.swift */,
				333CD3C1286A98F400271368 /* PullrequestListTableViewCell.xib */,
				333CD3BE286A95CF00271368 /* PullrequestListModel.swift */,
			);
			path = PullrequestScene;
			sourceTree = "<group>";
		};
		333CD3BB286A91C900271368 /* Scene */ = {
			isa = PBXGroup;
			children = (
				331B9D57287CD08D00EEB029 /* SavePulrequestScene */,
				33419E4D28751B99009AACE1 /* MenuScene */,
				33231EE428652E7E0034D6D8 /* RepositoriesScene */,
				333CD3BA286A919300271368 /* PullrequestScene */,
			);
			path = Scene;
			sourceTree = "<group>";
		};
		333ECDC52877CFE60080AFE8 /* Image Language */ = {
			isa = PBXGroup;
			children = (
				333ECDCC2877D18E0080AFE8 /* Python.svg.png */,
				331B9D4A287CAEBF00EEB029 /* csharp.png */,
				331B9D4C287CAF1700EEB029 /* swift.png */,
				333A52D9287F591B00A795F8 /* save.png */,
				331B9D48287CADFB00EEB029 /* pngwing.com.png */,
				331B9D4E287CB03F00EEB029 /* home.png */,
			);
			path = "Image Language";
			sourceTree = "<group>";
		};
		3340669E28D00A6B001D05DF /* Coordinator */ = {
			isa = PBXGroup;
			children = (
				3340669C28D00A53001D05DF /* Coordinator.swift */,
				3340669F28D00BA6001D05DF /* AppCoordinator.swift */,
			);
			path = Coordinator;
			sourceTree = "<group>";
		};
		33419E4D28751B99009AACE1 /* MenuScene */ = {
			isa = PBXGroup;
			children = (
				3343E9EE28E3E0C500D1158C /* HomeScene */,
				3343E9ED28E3E09E00D1158C /* MenuScene */,
				3343E9EC28E3E07E00D1158C /* ContainerScene */,
				333ECDC52877CFE60080AFE8 /* Image Language */,
			);
			path = MenuScene;
			sourceTree = "<group>";
		};
		3343E9EC28E3E07E00D1158C /* ContainerScene */ = {
			isa = PBXGroup;
			children = (
				334066A128D01356001D05DF /* ContainerCoordinator.swift */,
				33C7681228D141E4008FDDC9 /* ContainerViewController.swift */,
				33C7681328D141E4008FDDC9 /* ContainerViewController.xib */,
			);
			path = ContainerScene;
			sourceTree = "<group>";
		};
		3343E9ED28E3E09E00D1158C /* MenuScene */ = {
			isa = PBXGroup;
			children = (
				33419E4928751B8F009AACE1 /* MenuViewController.swift */,
				33419E4A28751B8F009AACE1 /* MenuViewController.xib */,
				33C3188128C801E8003C120F /* MenuModel.swift */,
				33C2419128DA9CA800108EC4 /* MenuCoordinator.swift */,
			);
			path = MenuScene;
			sourceTree = "<group>";
		};
		3343E9EE28E3E0C500D1158C /* HomeScene */ = {
			isa = PBXGroup;
			children = (
				33B2322A28CAB9A600AD0A0C /* HomeViewController.swift */,
				33B2322B28CAB9A600AD0A0C /* HomeViewController.xib */,
			);
			path = HomeScene;
			sourceTree = "<group>";
		};
/* End PBXGroup section */

/* Begin PBXNativeTarget section */
		333B3A2E2861453A000BF8D1 /* XIB_MVC_Mobile_challenger */ = {
			isa = PBXNativeTarget;
			buildConfigurationList = 333B3A432861453B000BF8D1 /* Build configuration list for PBXNativeTarget "XIB_MVC_Mobile_challenger" */;
			buildPhases = (
				333B3A2B2861453A000BF8D1 /* Sources */,
				333B3A2C2861453A000BF8D1 /* Frameworks */,
				333B3A2D2861453A000BF8D1 /* Resources */,
				33C7681628D15495008FDDC9 /* ShellScript */,
			);
			buildRules = (
			);
			dependencies = (
			);
			name = XIB_MVC_Mobile_challenger;
			packageProductDependencies = (
				33231EF628653A260034D6D8 /* Kingfisher */,
				333FF57B28C6C111006CCBF3 /* SideMenu */,
			);
			productName = XIB_MVC_Mobile_challenger;
			productReference = 333B3A2F2861453A000BF8D1 /* XIB_MVC_Mobile_challenger.app */;
			productType = "com.apple.product-type.application";
		};
/* End PBXNativeTarget section */

/* Begin PBXProject section */
		333B3A272861453A000BF8D1 /* Project object */ = {
			isa = PBXProject;
			attributes = {
				BuildIndependentTargetsInParallel = 1;
				LastSwiftUpdateCheck = 1320;
				LastUpgradeCheck = 1320;
				TargetAttributes = {
					333B3A2E2861453A000BF8D1 = {
						CreatedOnToolsVersion = 13.2.1;
					};
				};
			};
			buildConfigurationList = 333B3A2A2861453A000BF8D1 /* Build configuration list for PBXProject "XIB_MVC_Mobile_challenger" */;
			compatibilityVersion = "Xcode 13.0";
			developmentRegion = en;
			hasScannedForEncodings = 0;
			knownRegions = (
				en,
				Base,
			);
			mainGroup = 333B3A262861453A000BF8D1;
			packageReferences = (
				33231EF528653A260034D6D8 /* XCRemoteSwiftPackageReference "Kingfisher" */,
				333FF57A28C6C111006CCBF3 /* XCRemoteSwiftPackageReference "SideMenu" */,
			);
			productRefGroup = 333B3A302861453A000BF8D1 /* Products */;
			projectDirPath = "";
			projectRoot = "";
			targets = (
				333B3A2E2861453A000BF8D1 /* XIB_MVC_Mobile_challenger */,
			);
		};
/* End PBXProject section */

/* Begin PBXResourcesBuildPhase section */
		333B3A2D2861453A000BF8D1 /* Resources */ = {
			isa = PBXResourcesBuildPhase;
			buildActionMask = 2147483647;
			files = (
				333B3A3F2861453B000BF8D1 /* LaunchScreen.storyboard in Resources */,
				333CD3C3286A98F400271368 /* PullrequestListTableViewCell.xib in Resources */,
				331B9D4F287CB03F00EEB029 /* home.png in Resources */,
				331B9D4B287CAEBF00EEB029 /* csharp.png in Resources */,
				333B3A3C2861453B000BF8D1 /* Assets.xcassets in Resources */,
				33C7681528D141E4008FDDC9 /* ContainerViewController.xib in Resources */,
				333ECDCD2877D18E0080AFE8 /* Python.svg.png in Resources */,
				334434122873A97100B0F3B6 /* PullrequestListViewController.xib in Resources */,
				331B9D49287CADFB00EEB029 /* pngwing.com.png in Resources */,
				331B9D5B287CD86B00EEB029 /* SaveTableViewCell.xib in Resources */,
				333B3A4B286146EA000BF8D1 /* RepositoriesListViewController.xib in Resources */,
				333A52DA287F591B00A795F8 /* save.png in Resources */,
				33419E4C28751B8F009AACE1 /* MenuViewController.xib in Resources */,
				331B9D4D287CAF1700EEB029 /* swift.png in Resources */,
				33B2322D28CAB9A600AD0A0C /* HomeViewController.xib in Resources */,
				333B3A4F28614CEC000BF8D1 /* RepositoriesListTableViewCell.xib in Resources */,
				331B9D53287CCFD100EEB029 /* SaveViewController.xib in Resources */,
			);
			runOnlyForDeploymentPostprocessing = 0;
		};
/* End PBXResourcesBuildPhase section */

/* Begin PBXShellScriptBuildPhase section */
		33C7681628D15495008FDDC9 /* ShellScript */ = {
			isa = PBXShellScriptBuildPhase;
			buildActionMask = 2147483647;
			files = (
			);
			inputFileListPaths = (
			);
			inputPaths = (
			);
			outputFileListPaths = (
			);
			outputPaths = (
			);
			runOnlyForDeploymentPostprocessing = 0;
			shellPath = /bin/sh;
			shellScript = "export PATH=\"$PATH:/opt/homebrew/bin\"\nif which swiftlint > /dev/null; then\n  swiftlint\nelse\n  echo \"warning: SwiftLint not installed, download from https://github.com/realm/SwiftLint\"\nfi\n";
		};
/* End PBXShellScriptBuildPhase section */

/* Begin PBXSourcesBuildPhase section */
		333B3A2B2861453A000BF8D1 /* Sources */ = {
			isa = PBXSourcesBuildPhase;
			buildActionMask = 2147483647;
			files = (
				331B9D5D287CD8FF00EEB029 /* SaveModel.swift in Sources */,
				331B9D56287CD07800EEB029 /* PullrequestSaved.xcdatamodeld in Sources */,
				33C7681428D141E4008FDDC9 /* ContainerViewController.swift in Sources */,
				334066A028D00BA6001D05DF /* AppCoordinator.swift in Sources */,
				33A8855628E531EC00CB5137 /* SaveCoordinator.swift in Sources */,
				33231EE928652FD30034D6D8 /* GitHead.swift in Sources */,
				33C2419228DA9CA800108EC4 /* MenuCoordinator.swift in Sources */,
				33BEA90D28D2B2980096910B /* RepositoriesListCoordinator.swift in Sources */,
				331B9D52287CCFD100EEB029 /* SaveViewController.swift in Sources */,
				33231EED286530770034D6D8 /* Owner.swift in Sources */,
				33C3188228C801E8003C120F /* MenuModel.swift in Sources */,
				33B2322C28CAB9A600AD0A0C /* HomeViewController.swift in Sources */,
				334066A228D01356001D05DF /* ContainerCoordinator.swift in Sources */,
				333B3A4A286146EA000BF8D1 /* RepositoriesListViewController.swift in Sources */,
				3340669D28D00A53001D05DF /* Coordinator.swift in Sources */,
				33231EF4286531D60034D6D8 /* RepositoriesListModel.swift in Sources */,
				33231EE628652F360034D6D8 /* RepositoryService.swift in Sources */,
				333CD3C2286A98F400271368 /* PullrequestListTableViewCell.swift in Sources */,
				333B3A4E28614CEC000BF8D1 /* RepositoriesListTableViewCell.swift in Sources */,
				33419E4B28751B8F009AACE1 /* MenuViewController.swift in Sources */,
				334434112873A97100B0F3B6 /* PullrequestListViewController.swift in Sources */,
				333CD3BF286A95CF00271368 /* PullrequestListModel.swift in Sources */,
				33231EEB286530370034D6D8 /* GitRepository.swift in Sources */,
				331B9D5A287CD86B00EEB029 /* SaveTableViewCell.swift in Sources */,
				333B3A332861453A000BF8D1 /* AppDelegate.swift in Sources */,
				333B3A352861453A000BF8D1 /* SceneDelegate.swift in Sources */,
				33231EF1286530B60034D6D8 /* User.swift in Sources */,
				33231EEF2865309D0034D6D8 /* Pullrequest.swift in Sources */,
				333CD3BD286A926A00271368 /* PullrequestService.swift in Sources */,
			);
			runOnlyForDeploymentPostprocessing = 0;
		};
/* End PBXSourcesBuildPhase section */

/* Begin PBXVariantGroup section */
		333B3A3D2861453B000BF8D1 /* LaunchScreen.storyboard */ = {
			isa = PBXVariantGroup;
			children = (
				333B3A3E2861453B000BF8D1 /* Base */,
			);
			name = LaunchScreen.storyboard;
			sourceTree = "<group>";
		};
/* End PBXVariantGroup section */

/* Begin XCBuildConfiguration section */
		333B3A412861453B000BF8D1 /* Debug */ = {
			isa = XCBuildConfiguration;
			buildSettings = {
				ALWAYS_SEARCH_USER_PATHS = NO;
				CLANG_ANALYZER_NONNULL = YES;
				CLANG_ANALYZER_NUMBER_OBJECT_CONVERSION = YES_AGGRESSIVE;
				CLANG_CXX_LANGUAGE_STANDARD = "gnu++17";
				CLANG_CXX_LIBRARY = "libc++";
				CLANG_ENABLE_MODULES = YES;
				CLANG_ENABLE_OBJC_ARC = YES;
				CLANG_ENABLE_OBJC_WEAK = YES;
				CLANG_WARN_BLOCK_CAPTURE_AUTORELEASING = YES;
				CLANG_WARN_BOOL_CONVERSION = YES;
				CLANG_WARN_COMMA = YES;
				CLANG_WARN_CONSTANT_CONVERSION = YES;
				CLANG_WARN_DEPRECATED_OBJC_IMPLEMENTATIONS = YES;
				CLANG_WARN_DIRECT_OBJC_ISA_USAGE = YES_ERROR;
				CLANG_WARN_DOCUMENTATION_COMMENTS = YES;
				CLANG_WARN_EMPTY_BODY = YES;
				CLANG_WARN_ENUM_CONVERSION = YES;
				CLANG_WARN_INFINITE_RECURSION = YES;
				CLANG_WARN_INT_CONVERSION = YES;
				CLANG_WARN_NON_LITERAL_NULL_CONVERSION = YES;
				CLANG_WARN_OBJC_IMPLICIT_RETAIN_SELF = YES;
				CLANG_WARN_OBJC_LITERAL_CONVERSION = YES;
				CLANG_WARN_OBJC_ROOT_CLASS = YES_ERROR;
				CLANG_WARN_QUOTED_INCLUDE_IN_FRAMEWORK_HEADER = YES;
				CLANG_WARN_RANGE_LOOP_ANALYSIS = YES;
				CLANG_WARN_STRICT_PROTOTYPES = YES;
				CLANG_WARN_SUSPICIOUS_MOVE = YES;
				CLANG_WARN_UNGUARDED_AVAILABILITY = YES_AGGRESSIVE;
				CLANG_WARN_UNREACHABLE_CODE = YES;
				CLANG_WARN__DUPLICATE_METHOD_MATCH = YES;
				COPY_PHASE_STRIP = NO;
				DEBUG_INFORMATION_FORMAT = dwarf;
				ENABLE_STRICT_OBJC_MSGSEND = YES;
				ENABLE_TESTABILITY = YES;
				GCC_C_LANGUAGE_STANDARD = gnu11;
				GCC_DYNAMIC_NO_PIC = NO;
				GCC_NO_COMMON_BLOCKS = YES;
				GCC_OPTIMIZATION_LEVEL = 0;
				GCC_PREPROCESSOR_DEFINITIONS = (
					"DEBUG=1",
					"$(inherited)",
				);
				GCC_WARN_64_TO_32_BIT_CONVERSION = YES;
				GCC_WARN_ABOUT_RETURN_TYPE = YES_ERROR;
				GCC_WARN_UNDECLARED_SELECTOR = YES;
				GCC_WARN_UNINITIALIZED_AUTOS = YES_AGGRESSIVE;
				GCC_WARN_UNUSED_FUNCTION = YES;
				GCC_WARN_UNUSED_VARIABLE = YES;
				IPHONEOS_DEPLOYMENT_TARGET = 15.2;
				MTL_ENABLE_DEBUG_INFO = INCLUDE_SOURCE;
				MTL_FAST_MATH = YES;
				ONLY_ACTIVE_ARCH = YES;
				SDKROOT = iphoneos;
				SWIFT_ACTIVE_COMPILATION_CONDITIONS = DEBUG;
				SWIFT_OPTIMIZATION_LEVEL = "-Onone";
			};
			name = Debug;
		};
		333B3A422861453B000BF8D1 /* Release */ = {
			isa = XCBuildConfiguration;
			buildSettings = {
				ALWAYS_SEARCH_USER_PATHS = NO;
				CLANG_ANALYZER_NONNULL = YES;
				CLANG_ANALYZER_NUMBER_OBJECT_CONVERSION = YES_AGGRESSIVE;
				CLANG_CXX_LANGUAGE_STANDARD = "gnu++17";
				CLANG_CXX_LIBRARY = "libc++";
				CLANG_ENABLE_MODULES = YES;
				CLANG_ENABLE_OBJC_ARC = YES;
				CLANG_ENABLE_OBJC_WEAK = YES;
				CLANG_WARN_BLOCK_CAPTURE_AUTORELEASING = YES;
				CLANG_WARN_BOOL_CONVERSION = YES;
				CLANG_WARN_COMMA = YES;
				CLANG_WARN_CONSTANT_CONVERSION = YES;
				CLANG_WARN_DEPRECATED_OBJC_IMPLEMENTATIONS = YES;
				CLANG_WARN_DIRECT_OBJC_ISA_USAGE = YES_ERROR;
				CLANG_WARN_DOCUMENTATION_COMMENTS = YES;
				CLANG_WARN_EMPTY_BODY = YES;
				CLANG_WARN_ENUM_CONVERSION = YES;
				CLANG_WARN_INFINITE_RECURSION = YES;
				CLANG_WARN_INT_CONVERSION = YES;
				CLANG_WARN_NON_LITERAL_NULL_CONVERSION = YES;
				CLANG_WARN_OBJC_IMPLICIT_RETAIN_SELF = YES;
				CLANG_WARN_OBJC_LITERAL_CONVERSION = YES;
				CLANG_WARN_OBJC_ROOT_CLASS = YES_ERROR;
				CLANG_WARN_QUOTED_INCLUDE_IN_FRAMEWORK_HEADER = YES;
				CLANG_WARN_RANGE_LOOP_ANALYSIS = YES;
				CLANG_WARN_STRICT_PROTOTYPES = YES;
				CLANG_WARN_SUSPICIOUS_MOVE = YES;
				CLANG_WARN_UNGUARDED_AVAILABILITY = YES_AGGRESSIVE;
				CLANG_WARN_UNREACHABLE_CODE = YES;
				CLANG_WARN__DUPLICATE_METHOD_MATCH = YES;
				COPY_PHASE_STRIP = NO;
				DEBUG_INFORMATION_FORMAT = "dwarf-with-dsym";
				ENABLE_NS_ASSERTIONS = NO;
				ENABLE_STRICT_OBJC_MSGSEND = YES;
				GCC_C_LANGUAGE_STANDARD = gnu11;
				GCC_NO_COMMON_BLOCKS = YES;
				GCC_WARN_64_TO_32_BIT_CONVERSION = YES;
				GCC_WARN_ABOUT_RETURN_TYPE = YES_ERROR;
				GCC_WARN_UNDECLARED_SELECTOR = YES;
				GCC_WARN_UNINITIALIZED_AUTOS = YES_AGGRESSIVE;
				GCC_WARN_UNUSED_FUNCTION = YES;
				GCC_WARN_UNUSED_VARIABLE = YES;
				IPHONEOS_DEPLOYMENT_TARGET = 15.2;
				MTL_ENABLE_DEBUG_INFO = NO;
				MTL_FAST_MATH = YES;
				SDKROOT = iphoneos;
				SWIFT_COMPILATION_MODE = wholemodule;
				SWIFT_OPTIMIZATION_LEVEL = "-O";
				VALIDATE_PRODUCT = YES;
			};
			name = Release;
		};
		333B3A442861453B000BF8D1 /* Debug */ = {
			isa = XCBuildConfiguration;
			buildSettings = {
				ASSETCATALOG_COMPILER_APPICON_NAME = AppIcon;
				ASSETCATALOG_COMPILER_GLOBAL_ACCENT_COLOR_NAME = AccentColor;
				CODE_SIGN_STYLE = Automatic;
				CURRENT_PROJECT_VERSION = 1;
				DEVELOPMENT_TEAM = L83QN8FS8U;
				GENERATE_INFOPLIST_FILE = YES;
				INFOPLIST_FILE = XIB_MVC_Mobile_challenger/Info.plist;
				INFOPLIST_KEY_UIApplicationSupportsIndirectInputEvents = YES;
				INFOPLIST_KEY_UILaunchStoryboardName = LaunchScreen;
				INFOPLIST_KEY_UISupportedInterfaceOrientations_iPad = "UIInterfaceOrientationPortrait UIInterfaceOrientationPortraitUpsideDown UIInterfaceOrientationLandscapeLeft UIInterfaceOrientationLandscapeRight";
				INFOPLIST_KEY_UISupportedInterfaceOrientations_iPhone = "UIInterfaceOrientationPortrait UIInterfaceOrientationLandscapeLeft UIInterfaceOrientationLandscapeRight";
				LD_RUNPATH_SEARCH_PATHS = (
					"$(inherited)",
					"@executable_path/Frameworks",
				);
				MARKETING_VERSION = 1.0;
				PRODUCT_BUNDLE_IDENTIFIER = "com.silva.XIB-MVC-Mobile-challenger";
				PRODUCT_NAME = "$(TARGET_NAME)";
				SWIFT_EMIT_LOC_STRINGS = YES;
				SWIFT_VERSION = 5.0;
				TARGETED_DEVICE_FAMILY = "1,2";
			};
			name = Debug;
		};
		333B3A452861453B000BF8D1 /* Release */ = {
			isa = XCBuildConfiguration;
			buildSettings = {
				ASSETCATALOG_COMPILER_APPICON_NAME = AppIcon;
				ASSETCATALOG_COMPILER_GLOBAL_ACCENT_COLOR_NAME = AccentColor;
				CODE_SIGN_STYLE = Automatic;
				CURRENT_PROJECT_VERSION = 1;
				DEVELOPMENT_TEAM = L83QN8FS8U;
				GENERATE_INFOPLIST_FILE = YES;
				INFOPLIST_FILE = XIB_MVC_Mobile_challenger/Info.plist;
				INFOPLIST_KEY_UIApplicationSupportsIndirectInputEvents = YES;
				INFOPLIST_KEY_UILaunchStoryboardName = LaunchScreen;
				INFOPLIST_KEY_UISupportedInterfaceOrientations_iPad = "UIInterfaceOrientationPortrait UIInterfaceOrientationPortraitUpsideDown UIInterfaceOrientationLandscapeLeft UIInterfaceOrientationLandscapeRight";
				INFOPLIST_KEY_UISupportedInterfaceOrientations_iPhone = "UIInterfaceOrientationPortrait UIInterfaceOrientationLandscapeLeft UIInterfaceOrientationLandscapeRight";
				LD_RUNPATH_SEARCH_PATHS = (
					"$(inherited)",
					"@executable_path/Frameworks",
				);
				MARKETING_VERSION = 1.0;
				PRODUCT_BUNDLE_IDENTIFIER = "com.silva.XIB-MVC-Mobile-challenger";
				PRODUCT_NAME = "$(TARGET_NAME)";
				SWIFT_EMIT_LOC_STRINGS = YES;
				SWIFT_VERSION = 5.0;
				TARGETED_DEVICE_FAMILY = "1,2";
			};
			name = Release;
		};
/* End XCBuildConfiguration section */

/* Begin XCConfigurationList section */
		333B3A2A2861453A000BF8D1 /* Build configuration list for PBXProject "XIB_MVC_Mobile_challenger" */ = {
			isa = XCConfigurationList;
			buildConfigurations = (
				333B3A412861453B000BF8D1 /* Debug */,
				333B3A422861453B000BF8D1 /* Release */,
			);
			defaultConfigurationIsVisible = 0;
			defaultConfigurationName = Release;
		};
		333B3A432861453B000BF8D1 /* Build configuration list for PBXNativeTarget "XIB_MVC_Mobile_challenger" */ = {
			isa = XCConfigurationList;
			buildConfigurations = (
				333B3A442861453B000BF8D1 /* Debug */,
				333B3A452861453B000BF8D1 /* Release */,
			);
			defaultConfigurationIsVisible = 0;
			defaultConfigurationName = Release;
		};
/* End XCConfigurationList section */

/* Begin XCRemoteSwiftPackageReference section */
		33231EF528653A260034D6D8 /* XCRemoteSwiftPackageReference "Kingfisher" */ = {
			isa = XCRemoteSwiftPackageReference;
			repositoryURL = "https://github.com/onevcat/Kingfisher.git";
			requirement = {
				kind = upToNextMajorVersion;
				minimumVersion = 7.0.0;
			};
		};
		333FF57A28C6C111006CCBF3 /* XCRemoteSwiftPackageReference "SideMenu" */ = {
			isa = XCRemoteSwiftPackageReference;
			repositoryURL = "https://github.com/jonkykong/SideMenu.git";
			requirement = {
				branch = master;
				kind = branch;
			};
		};
/* End XCRemoteSwiftPackageReference section */

/* Begin XCSwiftPackageProductDependency section */
		33231EF628653A260034D6D8 /* Kingfisher */ = {
			isa = XCSwiftPackageProductDependency;
			package = 33231EF528653A260034D6D8 /* XCRemoteSwiftPackageReference "Kingfisher" */;
			productName = Kingfisher;
		};
		333FF57B28C6C111006CCBF3 /* SideMenu */ = {
			isa = XCSwiftPackageProductDependency;
			package = 333FF57A28C6C111006CCBF3 /* XCRemoteSwiftPackageReference "SideMenu" */;
			productName = SideMenu;
		};
/* End XCSwiftPackageProductDependency section */

/* Begin XCVersionGroup section */
		331B9D54287CD07700EEB029 /* PullrequestSaved.xcdatamodeld */ = {
			isa = XCVersionGroup;
			children = (
				331B9D55287CD07800EEB029 /* PullrequestSaved.xcdatamodel */,
			);
			currentVersion = 331B9D55287CD07800EEB029 /* PullrequestSaved.xcdatamodel */;
			path = PullrequestSaved.xcdatamodeld;
			sourceTree = "<group>";
			versionGroupType = wrapper.xcdatamodel;
		};
/* End XCVersionGroup section */
	};
	rootObject = 333B3A272861453A000BF8D1 /* Project object */;
}
